
Microsoft Visual Studio Solution File, Format Version 12.00
# Visual Studio Version 17
VisualStudioVersion = 17.7.34221.43
MinimumVisualStudioVersion = 10.0.40219.1
Project("{FAE04EC0-301F-11D3-BF4B-00C04F79EFBC}") = "consumeAPI_SUN", "consumeAPI_SUN.csproj", "{96700402-BBF2-4967-B71F-7D440363E398}"
EndProject
Global
	GlobalSection(SolutionConfigurationPlatforms) = preSolution
		Debug|Any CPU = Debug|Any CPU
		Release|Any CPU = Release|Any CPU
	EndGlobalSection
	GlobalSection(ProjectConfigurationPlatforms) = postSolution
		{96700402-BBF2-4967-B71F-7D440363E398}.Debug|Any CPU.ActiveCfg = Debug|Any CPU
		{96700402-BBF2-4967-B71F-7D440363E398}.Debug|Any CPU.Build.0 = Debug|Any CPU
		{96700402-BBF2-4967-B71F-7D440363E398}.Release|Any CPU.ActiveCfg = Release|Any CPU
		{96700402-BBF2-4967-B71F-7D440363E398}.Release|Any CPU.Build.0 = Release|Any CPU
	EndGlobalSection
	GlobalSection(SolutionProperties) = preSolution
		HideSolutionNode = FALSE
	EndGlobalSection
	GlobalSection(ExtensibilityGlobals) = postSolution
		SolutionGuid = {54308368-ED7C-4E11-96E7-A04ABD4557DD}
	EndGlobalSection
EndGlobal
